PODS:
  - Parchment (2.4.0)
  - Realm (5.3.3):
    - Realm/Headers (= 5.3.3)
  - Realm/Headers (5.3.3)
  - RealmSwift (5.3.3):
    - Realm (= 5.3.3)
  - SnapKit (5.0.1)
  - SwiftyGif (5.3.0)

DEPENDENCIES:
  - Parchment
  - RealmSwift
  - SnapKit (~> 5.0.0)
  - SwiftyGif

SPEC REPOS:
  trunk:
    - Parchment
    - Realm
    - RealmSwift
    - SnapKit
    - SwiftyGif

SPEC CHECKSUMS:
  Parchment: 002785473861582385db5c6725165353c500198e
  Realm: 2d57ea355bf8ca2a0964d6bfb38d28d7ff2addf6
  RealmSwift: 0a709536ecea30eea1d3c514f6ade2ed078dee3c
  SnapKit: 97b92857e3df3a0c71833cce143274bf6ef8e5eb
  SwiftyGif: e466e86c660d343357ab944a819a101c4127cb40

PODFILE CHECKSUM: 2370f582012fcee78543644d66a53ee68f88fb10

COCOAPODS: 1.8.3
