// !$*UTF8*$!
{
	archiveVersion = 1;
	classes = {
	};
	objectVersion = 51;
	objects = {

/* Begin PBXBuildFile section */
		491816B224BA9AD800E318FC /* FromFiles.swift in Sources */ = {isa = PBXBuildFile; fileRef = 491816B124BA9AD800E318FC /* FromFiles.swift */; };
		4944CAA924B912EB00E893AE /* AppDelegate.swift in Sources */ = {isa = PBXBuildFile; fileRef = 4944CAA824B912EB00E893AE /* AppDelegate.swift */; };
		4944CAAB24B912EB00E893AE /* SceneDelegate.swift in Sources */ = {isa = PBXBuildFile; fileRef = 4944CAAA24B912EB00E893AE /* SceneDelegate.swift */; };
		4944CAAD24B912EB00E893AE /* ViewController.swift in Sources */ = {isa = PBXBuildFile; fileRef = 4944CAAC24B912EB00E893AE /* ViewController.swift */; };
		4944CAB024B912EB00E893AE /* Main.storyboard in Resources */ = {isa = PBXBuildFile; fileRef = 4944CAAE24B912EB00E893AE /* Main.storyboard */; };
		4944CAB224B912F000E893AE /* Assets.xcassets in Resources */ = {isa = PBXBuildFile; fileRef = 4944CAB124B912F000E893AE /* Assets.xcassets */; };
		4944CAB524B912F000E893AE /* LaunchScreen.storyboard in Resources */ = {isa = PBXBuildFile; fileRef = 4944CAB324B912F000E893AE /* LaunchScreen.storyboard */; };
		496DD41C24BA4927007380AF /* CollectionViewController.swift in Sources */ = {isa = PBXBuildFile; fileRef = 496DD41B24BA4927007380AF /* CollectionViewController.swift */; };
		4980301D24B91DE000AE277C /* Model.swift in Sources */ = {isa = PBXBuildFile; fileRef = 4980301C24B91DE000AE277C /* Model.swift */; };
		4980301F24B91E2500AE277C /* PhotoCell.swift in Sources */ = {isa = PBXBuildFile; fileRef = 4980301E24B91E2500AE277C /* PhotoCell.swift */; };
		4980302124B9427800AE277C /* Utilities.swift in Sources */ = {isa = PBXBuildFile; fileRef = 4980302024B9427800AE277C /* Utilities.swift */; };
		4980302524B946F200AE277C /* ViewController+Buttons.swift in Sources */ = {isa = PBXBuildFile; fileRef = 4980302424B946F200AE277C /* ViewController+Buttons.swift */; };
		4980302724B94CDD00AE277C /* Setup.swift in Sources */ = {isa = PBXBuildFile; fileRef = 4980302624B94CDD00AE277C /* Setup.swift */; };
		4980302924B95D8900AE277C /* FromPhotos.swift in Sources */ = {isa = PBXBuildFile; fileRef = 4980302824B95D8900AE277C /* FromPhotos.swift */; };
		49A362DB24BB92B100019FC6 /* ZoomDismissalInteractionController.swift in Sources */ = {isa = PBXBuildFile; fileRef = 49A362D624BB92B000019FC6 /* ZoomDismissalInteractionController.swift */; };
		49A362DC24BB92B100019FC6 /* ZoomAnimator.swift in Sources */ = {isa = PBXBuildFile; fileRef = 49A362D724BB92B000019FC6 /* ZoomAnimator.swift */; };
		49A362DD24BB92B100019FC6 /* ZoomTransitionController.swift in Sources */ = {isa = PBXBuildFile; fileRef = 49A362D824BB92B000019FC6 /* ZoomTransitionController.swift */; };
		49A362E024BB96E800019FC6 /* PhotoZoomViewController.swift in Sources */ = {isa = PBXBuildFile; fileRef = 49A362DE24BB96E700019FC6 /* PhotoZoomViewController.swift */; };
		49A362E124BB96E800019FC6 /* PhotoPageContainerViewController.swift in Sources */ = {isa = PBXBuildFile; fileRef = 49A362DF24BB96E800019FC6 /* PhotoPageContainerViewController.swift */; };
		49E41ECC24B967E900EA7BB2 /* ViewController+AddButton.swift in Sources */ = {isa = PBXBuildFile; fileRef = 49E41ECB24B967E900EA7BB2 /* ViewController+AddButton.swift */; };
		E4E964261E027D98A9A86322 /* Pods_ProgressGif.framework in Frameworks */ = {isa = PBXBuildFile; fileRef = D3A5AE6E1DBE53803838B0EB /* Pods_ProgressGif.framework */; };
/* End PBXBuildFile section */

/* Begin PBXFileReference section */
		491816B024BA9A9500E318FC /* ProgressGif.entitlements */ = {isa = PBXFileReference; lastKnownFileType = text.plist.entitlements; path = ProgressGif.entitlements; sourceTree = "<group>"; };
		491816B124BA9AD800E318FC /* FromFiles.swift */ = {isa = PBXFileReference; lastKnownFileType = sourcecode.swift; path = FromFiles.swift; sourceTree = "<group>"; };
		4944CAA524B912EB00E893AE /* ProgressGif.app */ = {isa = PBXFileReference; explicitFileType = wrapper.application; includeInIndex = 0; path = ProgressGif.app; sourceTree = BUILT_PRODUCTS_DIR; };
		4944CAA824B912EB00E893AE /* AppDelegate.swift */ = {isa = PBXFileReference; lastKnownFileType = sourcecode.swift; path = AppDelegate.swift; sourceTree = "<group>"; };
		4944CAAA24B912EB00E893AE /* SceneDelegate.swift */ = {isa = PBXFileReference; lastKnownFileType = sourcecode.swift; path = SceneDelegate.swift; sourceTree = "<group>"; };
		4944CAAC24B912EB00E893AE /* ViewController.swift */ = {isa = PBXFileReference; lastKnownFileType = sourcecode.swift; path = ViewController.swift; sourceTree = "<group>"; };
		4944CAAF24B912EB00E893AE /* Base */ = {isa = PBXFileReference; lastKnownFileType = file.storyboard; name = Base; path = Base.lproj/Main.storyboard; sourceTree = "<group>"; };
		4944CAB124B912F000E893AE /* Assets.xcassets */ = {isa = PBXFileReference; lastKnownFileType = folder.assetcatalog; path = Assets.xcassets; sourceTree = "<group>"; };
		4944CAB424B912F000E893AE /* Base */ = {isa = PBXFileReference; lastKnownFileType = file.storyboard; name = Base; path = Base.lproj/LaunchScreen.storyboard; sourceTree = "<group>"; };
		4944CAB624B912F000E893AE /* Info.plist */ = {isa = PBXFileReference; lastKnownFileType = text.plist.xml; path = Info.plist; sourceTree = "<group>"; };
		496DD41B24BA4927007380AF /* CollectionViewController.swift */ = {isa = PBXFileReference; lastKnownFileType = sourcecode.swift; path = CollectionViewController.swift; sourceTree = "<group>"; };
		4980301C24B91DE000AE277C /* Model.swift */ = {isa = PBXFileReference; lastKnownFileType = sourcecode.swift; path = Model.swift; sourceTree = "<group>"; };
		4980301E24B91E2500AE277C /* PhotoCell.swift */ = {isa = PBXFileReference; lastKnownFileType = sourcecode.swift; path = PhotoCell.swift; sourceTree = "<group>"; };
		4980302024B9427800AE277C /* Utilities.swift */ = {isa = PBXFileReference; lastKnownFileType = sourcecode.swift; path = Utilities.swift; sourceTree = "<group>"; };
		4980302424B946F200AE277C /* ViewController+Buttons.swift */ = {isa = PBXFileReference; lastKnownFileType = sourcecode.swift; path = "ViewController+Buttons.swift"; sourceTree = "<group>"; };
		4980302624B94CDD00AE277C /* Setup.swift */ = {isa = PBXFileReference; lastKnownFileType = sourcecode.swift; path = Setup.swift; sourceTree = "<group>"; };
		4980302824B95D8900AE277C /* FromPhotos.swift */ = {isa = PBXFileReference; lastKnownFileType = sourcecode.swift; path = FromPhotos.swift; sourceTree = "<group>"; };
		49A362D624BB92B000019FC6 /* ZoomDismissalInteractionController.swift */ = {isa = PBXFileReference; fileEncoding = 4; lastKnownFileType = sourcecode.swift; path = ZoomDismissalInteractionController.swift; sourceTree = "<group>"; };
		49A362D724BB92B000019FC6 /* ZoomAnimator.swift */ = {isa = PBXFileReference; fileEncoding = 4; lastKnownFileType = sourcecode.swift; path = ZoomAnimator.swift; sourceTree = "<group>"; };
		49A362D824BB92B000019FC6 /* ZoomTransitionController.swift */ = {isa = PBXFileReference; fileEncoding = 4; lastKnownFileType = sourcecode.swift; path = ZoomTransitionController.swift; sourceTree = "<group>"; };
		49A362DE24BB96E700019FC6 /* PhotoZoomViewController.swift */ = {isa = PBXFileReference; fileEncoding = 4; lastKnownFileType = sourcecode.swift; path = PhotoZoomViewController.swift; sourceTree = "<group>"; };
		49A362DF24BB96E800019FC6 /* PhotoPageContainerViewController.swift */ = {isa = PBXFileReference; fileEncoding = 4; lastKnownFileType = sourcecode.swift; path = PhotoPageContainerViewController.swift; sourceTree = "<group>"; };
		49E41ECB24B967E900EA7BB2 /* ViewController+AddButton.swift */ = {isa = PBXFileReference; lastKnownFileType = sourcecode.swift; path = "ViewController+AddButton.swift"; sourceTree = "<group>"; };
		4FA57EDA1E4358C19DA72C7C /* Pods-ProgressGif.release.xcconfig */ = {isa = PBXFileReference; includeInIndex = 1; lastKnownFileType = text.xcconfig; name = "Pods-ProgressGif.release.xcconfig"; path = "Target Support Files/Pods-ProgressGif/Pods-ProgressGif.release.xcconfig"; sourceTree = "<group>"; };
		D3A5AE6E1DBE53803838B0EB /* Pods_ProgressGif.framework */ = {isa = PBXFileReference; explicitFileType = wrapper.framework; includeInIndex = 0; path = Pods_ProgressGif.framework; sourceTree = BUILT_PRODUCTS_DIR; };
		E27E80696EB138068D22D55E /* Pods-ProgressGif.debug.xcconfig */ = {isa = PBXFileReference; includeInIndex = 1; lastKnownFileType = text.xcconfig; name = "Pods-ProgressGif.debug.xcconfig"; path = "Target Support Files/Pods-ProgressGif/Pods-ProgressGif.debug.xcconfig"; sourceTree = "<group>"; };
/* End PBXFileReference section */

/* Begin PBXFrameworksBuildPhase section */
		4944CAA224B912EB00E893AE /* Frameworks */ = {
			isa = PBXFrameworksBuildPhase;
			buildActionMask = 2147483647;
			files = (
				E4E964261E027D98A9A86322 /* Pods_ProgressGif.framework in Frameworks */,
			);
			runOnlyForDeploymentPostprocessing = 0;
		};
/* End PBXFrameworksBuildPhase section */

/* Begin PBXGroup section */
		09A9499D4BCFF3226F0C6EE8 /* Frameworks */ = {
			isa = PBXGroup;
			children = (
				D3A5AE6E1DBE53803838B0EB /* Pods_ProgressGif.framework */,
			);
			name = Frameworks;
			sourceTree = "<group>";
		};
		4671A1C921A701C1EF46DB04 /* Pods */ = {
			isa = PBXGroup;
			children = (
				E27E80696EB138068D22D55E /* Pods-ProgressGif.debug.xcconfig */,
				4FA57EDA1E4358C19DA72C7C /* Pods-ProgressGif.release.xcconfig */,
			);
			path = Pods;
			sourceTree = "<group>";
		};
		4944CA9C24B912EB00E893AE = {
			isa = PBXGroup;
			children = (
				4944CAA724B912EB00E893AE /* ProgressGif */,
				4944CAA624B912EB00E893AE /* Products */,
				4671A1C921A701C1EF46DB04 /* Pods */,
				09A9499D4BCFF3226F0C6EE8 /* Frameworks */,
			);
			sourceTree = "<group>";
		};
		4944CAA624B912EB00E893AE /* Products */ = {
			isa = PBXGroup;
			children = (
				4944CAA524B912EB00E893AE /* ProgressGif.app */,
			);
			name = Products;
			sourceTree = "<group>";
		};
		4944CAA724B912EB00E893AE /* ProgressGif */ = {
			isa = PBXGroup;
			children = (
				49A362D324BB929D00019FC6 /* Animation */,
				491816B024BA9A9500E318FC /* ProgressGif.entitlements */,
				4944CAA824B912EB00E893AE /* AppDelegate.swift */,
				4944CAAA24B912EB00E893AE /* SceneDelegate.swift */,
				4944CAAC24B912EB00E893AE /* ViewController.swift */,
				496DD41B24BA4927007380AF /* CollectionViewController.swift */,
				49E41ECD24B967F900EA7BB2 /* Buttons */,
				4980302624B94CDD00AE277C /* Setup.swift */,
				4980302024B9427800AE277C /* Utilities.swift */,
				4980301E24B91E2500AE277C /* PhotoCell.swift */,
				4980301C24B91DE000AE277C /* Model.swift */,
				4944CAAE24B912EB00E893AE /* Main.storyboard */,
				4980302A24B95D8F00AE277C /* Importing */,
				4944CAB124B912F000E893AE /* Assets.xcassets */,
				4944CAB324B912F000E893AE /* LaunchScreen.storyboard */,
				4944CAB624B912F000E893AE /* Info.plist */,
			);
			path = ProgressGif;
			sourceTree = "<group>";
		};
		4980302A24B95D8F00AE277C /* Importing */ = {
			isa = PBXGroup;
			children = (
				4980302824B95D8900AE277C /* FromPhotos.swift */,
				491816B124BA9AD800E318FC /* FromFiles.swift */,
			);
			path = Importing;
			sourceTree = "<group>";
		};
		49A362D324BB929D00019FC6 /* Animation */ = {
			isa = PBXGroup;
			children = (
				49A362DF24BB96E800019FC6 /* PhotoPageContainerViewController.swift */,
				49A362DE24BB96E700019FC6 /* PhotoZoomViewController.swift */,
				49A362D724BB92B000019FC6 /* ZoomAnimator.swift */,
				49A362D624BB92B000019FC6 /* ZoomDismissalInteractionController.swift */,
				49A362D824BB92B000019FC6 /* ZoomTransitionController.swift */,
			);
			path = Animation;
			sourceTree = "<group>";
		};
		49E41ECD24B967F900EA7BB2 /* Buttons */ = {
			isa = PBXGroup;
			children = (
				49E41ECB24B967E900EA7BB2 /* ViewController+AddButton.swift */,
				4980302424B946F200AE277C /* ViewController+Buttons.swift */,
			);
			path = Buttons;
			sourceTree = "<group>";
		};
/* End PBXGroup section */

/* Begin PBXNativeTarget section */
		4944CAA424B912EB00E893AE /* ProgressGif */ = {
			isa = PBXNativeTarget;
			buildConfigurationList = 4944CAB924B912F000E893AE /* Build configuration list for PBXNativeTarget "ProgressGif" */;
			buildPhases = (
				C6B19C79D76940A76B453560 /* [CP] Check Pods Manifest.lock */,
				4944CAA124B912EB00E893AE /* Sources */,
				4944CAA224B912EB00E893AE /* Frameworks */,
				4944CAA324B912EB00E893AE /* Resources */,
				16371A9821ED3A6DCA0449CC /* [CP] Embed Pods Frameworks */,
			);
			buildRules = (
			);
			dependencies = (
			);
			name = ProgressGif;
			productName = ProgressGif;
			productReference = 4944CAA524B912EB00E893AE /* ProgressGif.app */;
			productType = "com.apple.product-type.application";
		};
/* End PBXNativeTarget section */

/* Begin PBXProject section */
		4944CA9D24B912EB00E893AE /* Project object */ = {
			isa = PBXProject;
			attributes = {
				LastSwiftUpdateCheck = 1200;
				LastUpgradeCheck = 1200;
				TargetAttributes = {
					4944CAA424B912EB00E893AE = {
						CreatedOnToolsVersion = 12.0;
					};
				};
			};
			buildConfigurationList = 4944CAA024B912EB00E893AE /* Build configuration list for PBXProject "ProgressGif" */;
			compatibilityVersion = "Xcode 9.3";
			developmentRegion = en;
			hasScannedForEncodings = 0;
			knownRegions = (
				en,
				Base,
			);
			mainGroup = 4944CA9C24B912EB00E893AE;
			productRefGroup = 4944CAA624B912EB00E893AE /* Products */;
			projectDirPath = "";
			projectRoot = "";
			targets = (
				4944CAA424B912EB00E893AE /* ProgressGif */,
			);
		};
/* End PBXProject section */

/* Begin PBXResourcesBuildPhase section */
		4944CAA324B912EB00E893AE /* Resources */ = {
			isa = PBXResourcesBuildPhase;
			buildActionMask = 2147483647;
			files = (
				4944CAB524B912F000E893AE /* LaunchScreen.storyboard in Resources */,
				4944CAB224B912F000E893AE /* Assets.xcassets in Resources */,
				4944CAB024B912EB00E893AE /* Main.storyboard in Resources */,
			);
			runOnlyForDeploymentPostprocessing = 0;
		};
/* End PBXResourcesBuildPhase section */

/* Begin PBXShellScriptBuildPhase section */
		16371A9821ED3A6DCA0449CC /* [CP] Embed Pods Frameworks */ = {
			isa = PBXShellScriptBuildPhase;
			buildActionMask = 2147483647;
			files = (
			);
			inputFileListPaths = (
				"${PODS_ROOT}/Target Support Files/Pods-ProgressGif/Pods-ProgressGif-frameworks-${CONFIGURATION}-input-files.xcfilelist",
			);
			name = "[CP] Embed Pods Frameworks";
			outputFileListPaths = (
				"${PODS_ROOT}/Target Support Files/Pods-ProgressGif/Pods-ProgressGif-frameworks-${CONFIGURATION}-output-files.xcfilelist",
			);
			runOnlyForDeploymentPostprocessing = 0;
			shellPath = /bin/sh;
			shellScript = "\"${PODS_ROOT}/Target Support Files/Pods-ProgressGif/Pods-ProgressGif-frameworks.sh\"\n";
			showEnvVarsInLog = 0;
		};
		C6B19C79D76940A76B453560 /* [CP] Check Pods Manifest.lock */ = {
			isa = PBXShellScriptBuildPhase;
			buildActionMask = 2147483647;
			files = (
			);
			inputFileListPaths = (
			);
			inputPaths = (
				"${PODS_PODFILE_DIR_PATH}/Podfile.lock",
				"${PODS_ROOT}/Manifest.lock",
			);
			name = "[CP] Check Pods Manifest.lock";
			outputFileListPaths = (
			);
			outputPaths = (
				"$(DERIVED_FILE_DIR)/Pods-ProgressGif-checkManifestLockResult.txt",
			);
			runOnlyForDeploymentPostprocessing = 0;
			shellPath = /bin/sh;
			shellScript = "diff \"${PODS_PODFILE_DIR_PATH}/Podfile.lock\" \"${PODS_ROOT}/Manifest.lock\" > /dev/null\nif [ $? != 0 ] ; then\n    # print error to STDERR\n    echo \"error: The sandbox is not in sync with the Podfile.lock. Run 'pod install' or update your CocoaPods installation.\" >&2\n    exit 1\nfi\n# This output is used by Xcode 'outputs' to avoid re-running this script phase.\necho \"SUCCESS\" > \"${SCRIPT_OUTPUT_FILE_0}\"\n";
			showEnvVarsInLog = 0;
		};
/* End PBXShellScriptBuildPhase section */

/* Begin PBXSourcesBuildPhase section */
		4944CAA124B912EB00E893AE /* Sources */ = {
			isa = PBXSourcesBuildPhase;
			buildActionMask = 2147483647;
			files = (
				496DD41C24BA4927007380AF /* CollectionViewController.swift in Sources */,
				4980302524B946F200AE277C /* ViewController+Buttons.swift in Sources */,
				4980302124B9427800AE277C /* Utilities.swift in Sources */,
				49A362E124BB96E800019FC6 /* PhotoPageContainerViewController.swift in Sources */,
				4944CAAD24B912EB00E893AE /* ViewController.swift in Sources */,
				4980301F24B91E2500AE277C /* PhotoCell.swift in Sources */,
				49A362DB24BB92B100019FC6 /* ZoomDismissalInteractionController.swift in Sources */,
				49A362E024BB96E800019FC6 /* PhotoZoomViewController.swift in Sources */,
				491816B224BA9AD800E318FC /* FromFiles.swift in Sources */,
				4944CAA924B912EB00E893AE /* AppDelegate.swift in Sources */,
				4980302924B95D8900AE277C /* FromPhotos.swift in Sources */,
				4944CAAB24B912EB00E893AE /* SceneDelegate.swift in Sources */,
				49E41ECC24B967E900EA7BB2 /* ViewController+AddButton.swift in Sources */,
				4980302724B94CDD00AE277C /* Setup.swift in Sources */,
				49A362DD24BB92B100019FC6 /* ZoomTransitionController.swift in Sources */,
				49A362DC24BB92B100019FC6 /* ZoomAnimator.swift in Sources */,
				4980301D24B91DE000AE277C /* Model.swift in Sources */,
			);
			runOnlyForDeploymentPostprocessing = 0;
		};
/* End PBXSourcesBuildPhase section */

/* Begin PBXVariantGroup section */
		4944CAAE24B912EB00E893AE /* Main.storyboard */ = {
			isa = PBXVariantGroup;
			children = (
				4944CAAF24B912EB00E893AE /* Base */,
			);
			name = Main.storyboard;
			sourceTree = "<group>";
		};
		4944CAB324B912F000E893AE /* LaunchScreen.storyboard */ = {
			isa = PBXVariantGroup;
			children = (
				4944CAB424B912F000E893AE /* Base */,
			);
			name = LaunchScreen.storyboard;
			sourceTree = "<group>";
		};
/* End PBXVariantGroup section */

/* Begin XCBuildConfiguration section */
		4944CAB724B912F000E893AE /* Debug */ = {
			isa = XCBuildConfiguration;
			buildSettings = {
				ALWAYS_SEARCH_USER_PATHS = NO;
				CLANG_ANALYZER_NONNULL = YES;
				CLANG_ANALYZER_NUMBER_OBJECT_CONVERSION = YES_AGGRESSIVE;
				CLANG_CXX_LANGUAGE_STANDARD = "gnu++14";
				CLANG_CXX_LIBRARY = "libc++";
				CLANG_ENABLE_MODULES = YES;
				CLANG_ENABLE_OBJC_ARC = YES;
				CLANG_ENABLE_OBJC_WEAK = YES;
				CLANG_WARN_BLOCK_CAPTURE_AUTORELEASING = YES;
				CLANG_WARN_BOOL_CONVERSION = YES;
				CLANG_WARN_COMMA = YES;
				CLANG_WARN_CONSTANT_CONVERSION = YES;
				CLANG_WARN_DEPRECATED_OBJC_IMPLEMENTATIONS = YES;
				CLANG_WARN_DIRECT_OBJC_ISA_USAGE = YES_ERROR;
				CLANG_WARN_DOCUMENTATION_COMMENTS = YES;
				CLANG_WARN_EMPTY_BODY = YES;
				CLANG_WARN_ENUM_CONVERSION = YES;
				CLANG_WARN_INFINITE_RECURSION = YES;
				CLANG_WARN_INT_CONVERSION = YES;
				CLANG_WARN_NON_LITERAL_NULL_CONVERSION = YES;
				CLANG_WARN_OBJC_IMPLICIT_RETAIN_SELF = YES;
				CLANG_WARN_OBJC_LITERAL_CONVERSION = YES;
				CLANG_WARN_OBJC_ROOT_CLASS = YES_ERROR;
				CLANG_WARN_QUOTED_INCLUDE_IN_FRAMEWORK_HEADER = YES;
				CLANG_WARN_RANGE_LOOP_ANALYSIS = YES;
				CLANG_WARN_STRICT_PROTOTYPES = YES;
				CLANG_WARN_SUSPICIOUS_MOVE = YES;
				CLANG_WARN_UNGUARDED_AVAILABILITY = YES_AGGRESSIVE;
				CLANG_WARN_UNREACHABLE_CODE = YES;
				CLANG_WARN__DUPLICATE_METHOD_MATCH = YES;
				COPY_PHASE_STRIP = NO;
				DEBUG_INFORMATION_FORMAT = dwarf;
				ENABLE_STRICT_OBJC_MSGSEND = YES;
				ENABLE_TESTABILITY = YES;
				GCC_C_LANGUAGE_STANDARD = gnu11;
				GCC_DYNAMIC_NO_PIC = NO;
				GCC_NO_COMMON_BLOCKS = YES;
				GCC_OPTIMIZATION_LEVEL = 0;
				GCC_PREPROCESSOR_DEFINITIONS = (
					"DEBUG=1",
					"$(inherited)",
				);
				GCC_WARN_64_TO_32_BIT_CONVERSION = YES;
				GCC_WARN_ABOUT_RETURN_TYPE = YES_ERROR;
				GCC_WARN_UNDECLARED_SELECTOR = YES;
				GCC_WARN_UNINITIALIZED_AUTOS = YES_AGGRESSIVE;
				GCC_WARN_UNUSED_FUNCTION = YES;
				GCC_WARN_UNUSED_VARIABLE = YES;
				IPHONEOS_DEPLOYMENT_TARGET = 14.0;
				MTL_ENABLE_DEBUG_INFO = INCLUDE_SOURCE;
				MTL_FAST_MATH = YES;
				ONLY_ACTIVE_ARCH = YES;
				SDKROOT = iphoneos;
				SWIFT_ACTIVE_COMPILATION_CONDITIONS = DEBUG;
				SWIFT_OPTIMIZATION_LEVEL = "-Onone";
			};
			name = Debug;
		};
		4944CAB824B912F000E893AE /* Release */ = {
			isa = XCBuildConfiguration;
			buildSettings = {
				ALWAYS_SEARCH_USER_PATHS = NO;
				CLANG_ANALYZER_NONNULL = YES;
				CLANG_ANALYZER_NUMBER_OBJECT_CONVERSION = YES_AGGRESSIVE;
				CLANG_CXX_LANGUAGE_STANDARD = "gnu++14";
				CLANG_CXX_LIBRARY = "libc++";
				CLANG_ENABLE_MODULES = YES;
				CLANG_ENABLE_OBJC_ARC = YES;
				CLANG_ENABLE_OBJC_WEAK = YES;
				CLANG_WARN_BLOCK_CAPTURE_AUTORELEASING = YES;
				CLANG_WARN_BOOL_CONVERSION = YES;
				CLANG_WARN_COMMA = YES;
				CLANG_WARN_CONSTANT_CONVERSION = YES;
				CLANG_WARN_DEPRECATED_OBJC_IMPLEMENTATIONS = YES;
				CLANG_WARN_DIRECT_OBJC_ISA_USAGE = YES_ERROR;
				CLANG_WARN_DOCUMENTATION_COMMENTS = YES;
				CLANG_WARN_EMPTY_BODY = YES;
				CLANG_WARN_ENUM_CONVERSION = YES;
				CLANG_WARN_INFINITE_RECURSION = YES;
				CLANG_WARN_INT_CONVERSION = YES;
				CLANG_WARN_NON_LITERAL_NULL_CONVERSION = YES;
				CLANG_WARN_OBJC_IMPLICIT_RETAIN_SELF = YES;
				CLANG_WARN_OBJC_LITERAL_CONVERSION = YES;
				CLANG_WARN_OBJC_ROOT_CLASS = YES_ERROR;
				CLANG_WARN_QUOTED_INCLUDE_IN_FRAMEWORK_HEADER = YES;
				CLANG_WARN_RANGE_LOOP_ANALYSIS = YES;
				CLANG_WARN_STRICT_PROTOTYPES = YES;
				CLANG_WARN_SUSPICIOUS_MOVE = YES;
				CLANG_WARN_UNGUARDED_AVAILABILITY = YES_AGGRESSIVE;
				CLANG_WARN_UNREACHABLE_CODE = YES;
				CLANG_WARN__DUPLICATE_METHOD_MATCH = YES;
				COPY_PHASE_STRIP = NO;
				DEBUG_INFORMATION_FORMAT = "dwarf-with-dsym";
				ENABLE_NS_ASSERTIONS = NO;
				ENABLE_STRICT_OBJC_MSGSEND = YES;
				GCC_C_LANGUAGE_STANDARD = gnu11;
				GCC_NO_COMMON_BLOCKS = YES;
				GCC_WARN_64_TO_32_BIT_CONVERSION = YES;
				GCC_WARN_ABOUT_RETURN_TYPE = YES_ERROR;
				GCC_WARN_UNDECLARED_SELECTOR = YES;
				GCC_WARN_UNINITIALIZED_AUTOS = YES_AGGRESSIVE;
				GCC_WARN_UNUSED_FUNCTION = YES;
				GCC_WARN_UNUSED_VARIABLE = YES;
				IPHONEOS_DEPLOYMENT_TARGET = 14.0;
				MTL_ENABLE_DEBUG_INFO = NO;
				MTL_FAST_MATH = YES;
				SDKROOT = iphoneos;
				SWIFT_COMPILATION_MODE = wholemodule;
				SWIFT_OPTIMIZATION_LEVEL = "-O";
				VALIDATE_PRODUCT = YES;
			};
			name = Release;
		};
		4944CABA24B912F000E893AE /* Debug */ = {
			isa = XCBuildConfiguration;
			baseConfigurationReference = E27E80696EB138068D22D55E /* Pods-ProgressGif.debug.xcconfig */;
			buildSettings = {
				ASSETCATALOG_COMPILER_APPICON_NAME = AppIcon;
				ASSETCATALOG_COMPILER_GLOBAL_ACCENT_COLOR_NAME = AccentColor;
				CODE_SIGN_ENTITLEMENTS = ProgressGif/ProgressGif.entitlements;
				CODE_SIGN_STYLE = Automatic;
				DEVELOPMENT_TEAM = YA533DMD5J;
				INFOPLIST_FILE = ProgressGif/Info.plist;
				IPHONEOS_DEPLOYMENT_TARGET = 13.1;
				LD_RUNPATH_SEARCH_PATHS = (
					"$(inherited)",
					"@executable_path/Frameworks",
				);
				PRODUCT_BUNDLE_IDENTIFIER = com.example.ProgressGif;
				PRODUCT_NAME = "$(TARGET_NAME)";
				SWIFT_VERSION = 5.0;
				TARGETED_DEVICE_FAMILY = "1,2";
			};
			name = Debug;
		};
		4944CABB24B912F000E893AE /* Release */ = {
			isa = XCBuildConfiguration;
			baseConfigurationReference = 4FA57EDA1E4358C19DA72C7C /* Pods-ProgressGif.release.xcconfig */;
			buildSettings = {
				ASSETCATALOG_COMPILER_APPICON_NAME = AppIcon;
				ASSETCATALOG_COMPILER_GLOBAL_ACCENT_COLOR_NAME = AccentColor;
				CODE_SIGN_ENTITLEMENTS = ProgressGif/ProgressGif.entitlements;
				CODE_SIGN_STYLE = Automatic;
				DEVELOPMENT_TEAM = YA533DMD5J;
				INFOPLIST_FILE = ProgressGif/Info.plist;
				IPHONEOS_DEPLOYMENT_TARGET = 13.1;
				LD_RUNPATH_SEARCH_PATHS = (
					"$(inherited)",
					"@executable_path/Frameworks",
				);
				PRODUCT_BUNDLE_IDENTIFIER = com.example.ProgressGif;
				PRODUCT_NAME = "$(TARGET_NAME)";
				SWIFT_VERSION = 5.0;
				TARGETED_DEVICE_FAMILY = "1,2";
			};
			name = Release;
		};
/* End XCBuildConfiguration section */

/* Begin XCConfigurationList section */
		4944CAA024B912EB00E893AE /* Build configuration list for PBXProject "ProgressGif" */ = {
			isa = XCConfigurationList;
			buildConfigurations = (
				4944CAB724B912F000E893AE /* Debug */,
				4944CAB824B912F000E893AE /* Release */,
			);
			defaultConfigurationIsVisible = 0;
			defaultConfigurationName = Release;
		};
		4944CAB924B912F000E893AE /* Build configuration list for PBXNativeTarget "ProgressGif" */ = {
			isa = XCConfigurationList;
			buildConfigurations = (
				4944CABA24B912F000E893AE /* Debug */,
				4944CABB24B912F000E893AE /* Release */,
			);
			defaultConfigurationIsVisible = 0;
			defaultConfigurationName = Release;
		};
/* End XCConfigurationList section */
	};
	rootObject = 4944CA9D24B912EB00E893AE /* Project object */;
}
